
Microsoft Visual Studio Solution File, Format Version 12.00
# Visual Studio Version 17
VisualStudioVersion = 17.3.32922.545
MinimumVisualStudioVersion = 10.0.40219.1
Project("{9A19103F-16F7-4668-BE54-9A1E7A4F7556}") = "TrackTrace", "TrackTrace.csproj", "{8D617BCD-1226-4D39-BCC1-0051F4F71F9C}"
EndProject
Global
	GlobalSection(SolutionConfigurationPlatforms) = preSolution
		Debug|Any CPU = Debug|Any CPU
		Release|Any CPU = Release|Any CPU
	EndGlobalSection
	GlobalSection(ProjectConfigurationPlatforms) = postSolution
		{8D617BCD-1226-4D39-BCC1-0051F4F71F9C}.Debug|Any CPU.ActiveCfg = Debug|Any CPU
		{8D617BCD-1226-4D39-BCC1-0051F4F71F9C}.Debug|Any CPU.Build.0 = Debug|Any CPU
		{8D617BCD-1226-4D39-BCC1-0051F4F71F9C}.Release|Any CPU.ActiveCfg = Release|Any CPU
		{8D617BCD-1226-4D39-BCC1-0051F4F71F9C}.Release|Any CPU.Build.0 = Release|Any CPU
	EndGlobalSection
	GlobalSection(SolutionProperties) = preSolution
		HideSolutionNode = FALSE
	EndGlobalSection
	GlobalSection(ExtensibilityGlobals) = postSolution
		SolutionGuid = {B29B606A-E7A4-4F53-A4F0-14836788A6CB}
	EndGlobalSection
EndGlobal
